// !$*UTF8*$!
{
	archiveVersion = 1;
	classes = {
	};
	objectVersion = 46;
	objects = {

/* Begin PBXBuildFile section */
		2B58AADF19D893250005192B /* Order Records.xib in Resources */ = {isa = PBXBuildFile; fileRef = 2B58AADE19D893250005192B /* Order Records.xib */; };
		2B9AB8EF19D6967D00A34337 /* main.m in Sources */ = {isa = PBXBuildFile; fileRef = 2B9AB8EE19D6967D00A34337 /* main.m */; };
		2B9AB8F219D6967D00A34337 /* Document.m in Sources */ = {isa = PBXBuildFile; fileRef = 2B9AB8F119D6967D00A34337 /* Document.m */; };
		2B9AB8F519D6967D00A34337 /* Document.xib in Resources */ = {isa = PBXBuildFile; fileRef = 2B9AB8F319D6967D00A34337 /* Document.xib */; };
		2B9AB8F819D6967D00A34337 /* Document.xcdatamodeld in Sources */ = {isa = PBXBuildFile; fileRef = 2B9AB8F619D6967D00A34337 /* Document.xcdatamodeld */; };
		2B9AB8FA19D6967D00A34337 /* Images.xcassets in Resources */ = {isa = PBXBuildFile; fileRef = 2B9AB8F919D6967D00A34337 /* Images.xcassets */; };
		2B9AB8FD19D6967D00A34337 /* MainMenu.xib in Resources */ = {isa = PBXBuildFile; fileRef = 2B9AB8FB19D6967D00A34337 /* MainMenu.xib */; };
		2B9AB90919D6967D00A34337 /* Business_Order_TrackingTests.m in Sources */ = {isa = PBXBuildFile; fileRef = 2B9AB90819D6967D00A34337 /* Business_Order_TrackingTests.m */; };
/* End PBXBuildFile section */

/* Begin PBXContainerItemProxy section */
		2B9AB90319D6967D00A34337 /* PBXContainerItemProxy */ = {
			isa = PBXContainerItemProxy;
			containerPortal = 2B9AB8E119D6967C00A34337 /* Project object */;
			proxyType = 1;
			remoteGlobalIDString = 2B9AB8E819D6967C00A34337;
			remoteInfo = "Business Order Tracking";
		};
/* End PBXContainerItemProxy section */

/* Begin PBXFileReference section */
		2B58AADE19D893250005192B /* Order Records.xib */ = {isa = PBXFileReference; fileEncoding = 4; lastKnownFileType = file.xib; path = "Order Records.xib"; sourceTree = "<group>"; };
		2B9AB8E919D6967D00A34337 /* Business Order Tracking.app */ = {isa = PBXFileReference; explicitFileType = wrapper.application; includeInIndex = 0; path = "Business Order Tracking.app"; sourceTree = BUILT_PRODUCTS_DIR; };
		2B9AB8ED19D6967D00A34337 /* Info.plist */ = {isa = PBXFileReference; lastKnownFileType = text.plist.xml; path = Info.plist; sourceTree = "<group>"; };
		2B9AB8EE19D6967D00A34337 /* main.m */ = {isa = PBXFileReference; lastKnownFileType = sourcecode.c.objc; path = main.m; sourceTree = "<group>"; };
		2B9AB8F019D6967D00A34337 /* Document.h */ = {isa = PBXFileReference; lastKnownFileType = sourcecode.c.h; path = Document.h; sourceTree = "<group>"; };
		2B9AB8F119D6967D00A34337 /* Document.m */ = {isa = PBXFileReference; lastKnownFileType = sourcecode.c.objc; path = Document.m; sourceTree = "<group>"; };
		2B9AB8F419D6967D00A34337 /* Base */ = {isa = PBXFileReference; lastKnownFileType = file.xib; name = Base; path = Base.lproj/Document.xib; sourceTree = "<group>"; };
		2B9AB8F719D6967D00A34337 /* Document.xcdatamodel */ = {isa = PBXFileReference; lastKnownFileType = wrapper.xcdatamodel; path = Document.xcdatamodel; sourceTree = "<group>"; };
		2B9AB8F919D6967D00A34337 /* Images.xcassets */ = {isa = PBXFileReference; lastKnownFileType = folder.assetcatalog; path = Images.xcassets; sourceTree = "<group>"; };
		2B9AB8FC19D6967D00A34337 /* Base */ = {isa = PBXFileReference; lastKnownFileType = file.xib; name = Base; path = Base.lproj/MainMenu.xib; sourceTree = "<group>"; };
		2B9AB90219D6967D00A34337 /* Business Order TrackingTests.xctest */ = {isa = PBXFileReference; explicitFileType = wrapper.cfbundle; includeInIndex = 0; path = "Business Order TrackingTests.xctest"; sourceTree = BUILT_PRODUCTS_DIR; };
		2B9AB90719D6967D00A34337 /* Info.plist */ = {isa = PBXFileReference; lastKnownFileType = text.plist.xml; path = Info.plist; sourceTree = "<group>"; };
		2B9AB90819D6967D00A34337 /* Business_Order_TrackingTests.m */ = {isa = PBXFileReference; lastKnownFileType = sourcecode.c.objc; path = Business_Order_TrackingTests.m; sourceTree = "<group>"; };
/* End PBXFileReference section */

/* Begin PBXFrameworksBuildPhase section */
		2B9AB8E619D6967C00A34337 /* Frameworks */ = {
			isa = PBXFrameworksBuildPhase;
			buildActionMask = 2147483647;
			files = (
			);
			runOnlyForDeploymentPostprocessing = 0;
		};
		2B9AB8FF19D6967D00A34337 /* Frameworks */ = {
			isa = PBXFrameworksBuildPhase;
			buildActionMask = 2147483647;
			files = (
			);
			runOnlyForDeploymentPostprocessing = 0;
		};
/* End PBXFrameworksBuildPhase section */

/* Begin PBXGroup section */
		2B9AB8E019D6967C00A34337 = {
			isa = PBXGroup;
			children = (
				2B9AB8EB19D6967D00A34337 /* Business Order Tracking */,
				2B9AB90519D6967D00A34337 /* Business Order TrackingTests */,
				2B9AB8EA19D6967D00A34337 /* Products */,
			);
			sourceTree = "<group>";
		};
		2B9AB8EA19D6967D00A34337 /* Products */ = {
			isa = PBXGroup;
			children = (
				2B9AB8E919D6967D00A34337 /* Business Order Tracking.app */,
				2B9AB90219D6967D00A34337 /* Business Order TrackingTests.xctest */,
			);
			name = Products;
			sourceTree = "<group>";
		};
		2B9AB8EB19D6967D00A34337 /* Business Order Tracking */ = {
			isa = PBXGroup;
			children = (
				2B9AB8F019D6967D00A34337 /* Document.h */,
				2B9AB8F119D6967D00A34337 /* Document.m */,
				2B9AB8F319D6967D00A34337 /* Document.xib */,
				2B9AB8F919D6967D00A34337 /* Images.xcassets */,
				2B9AB8FB19D6967D00A34337 /* MainMenu.xib */,
				2B58AADE19D893250005192B /* Order Records.xib */,
				2B9AB8F619D6967D00A34337 /* Document.xcdatamodeld */,
				2B9AB8EC19D6967D00A34337 /* Supporting Files */,
			);
			path = "Business Order Tracking";
			sourceTree = "<group>";
		};
		2B9AB8EC19D6967D00A34337 /* Supporting Files */ = {
			isa = PBXGroup;
			children = (
				2B9AB8ED19D6967D00A34337 /* Info.plist */,
				2B9AB8EE19D6967D00A34337 /* main.m */,
			);
			name = "Supporting Files";
			sourceTree = "<group>";
		};
		2B9AB90519D6967D00A34337 /* Business Order TrackingTests */ = {
			isa = PBXGroup;
			children = (
				2B9AB90819D6967D00A34337 /* Business_Order_TrackingTests.m */,
				2B9AB90619D6967D00A34337 /* Supporting Files */,
			);
			path = "Business Order TrackingTests";
			sourceTree = "<group>";
		};
		2B9AB90619D6967D00A34337 /* Supporting Files */ = {
			isa = PBXGroup;
			children = (
				2B9AB90719D6967D00A34337 /* Info.plist */,
			);
			name = "Supporting Files";
			sourceTree = "<group>";
		};
/* End PBXGroup section */

/* Begin PBXNativeTarget section */
		2B9AB8E819D6967C00A34337 /* Business Order Tracking */ = {
			isa = PBXNativeTarget;
			buildConfigurationList = 2B9AB90C19D6967D00A34337 /* Build configuration list for PBXNativeTarget "Business Order Tracking" */;
			buildPhases = (
				2B9AB8E519D6967C00A34337 /* Sources */,
				2B9AB8E619D6967C00A34337 /* Frameworks */,
				2B9AB8E719D6967C00A34337 /* Resources */,
			);
			buildRules = (
			);
			dependencies = (
			);
			name = "Business Order Tracking";
			productName = "Business Order Tracking";
			productReference = 2B9AB8E919D6967D00A34337 /* Business Order Tracking.app */;
			productType = "com.apple.product-type.application";
		};
		2B9AB90119D6967D00A34337 /* Business Order TrackingTests */ = {
			isa = PBXNativeTarget;
			buildConfigurationList = 2B9AB90F19D6967D00A34337 /* Build configuration list for PBXNativeTarget "Business Order TrackingTests" */;
			buildPhases = (
				2B9AB8FE19D6967D00A34337 /* Sources */,
				2B9AB8FF19D6967D00A34337 /* Frameworks */,
				2B9AB90019D6967D00A34337 /* Resources */,
			);
			buildRules = (
			);
			dependencies = (
				2B9AB90419D6967D00A34337 /* PBXTargetDependency */,
			);
			name = "Business Order TrackingTests";
			productName = "Business Order TrackingTests";
			productReference = 2B9AB90219D6967D00A34337 /* Business Order TrackingTests.xctest */;
			productType = "com.apple.product-type.bundle.unit-test";
		};
/* End PBXNativeTarget section */

/* Begin PBXProject section */
		2B9AB8E119D6967C00A34337 /* Project object */ = {
			isa = PBXProject;
			attributes = {
				LastUpgradeCheck = 0600;
				ORGANIZATIONNAME = "D Silva Trading";
				TargetAttributes = {
					2B9AB8E819D6967C00A34337 = {
						CreatedOnToolsVersion = 6.0.1;
					};
					2B9AB90119D6967D00A34337 = {
						CreatedOnToolsVersion = 6.0.1;
						TestTargetID = 2B9AB8E819D6967C00A34337;
					};
				};
			};
			buildConfigurationList = 2B9AB8E419D6967C00A34337 /* Build configuration list for PBXProject "Business Order Tracking" */;
			compatibilityVersion = "Xcode 3.2";
			developmentRegion = English;
			hasScannedForEncodings = 0;
			knownRegions = (
				en,
				Base,
			);
			mainGroup = 2B9AB8E019D6967C00A34337;
			productRefGroup = 2B9AB8EA19D6967D00A34337 /* Products */;
			projectDirPath = "";
			projectRoot = "";
			targets = (
				2B9AB8E819D6967C00A34337 /* Business Order Tracking */,
				2B9AB90119D6967D00A34337 /* Business Order TrackingTests */,
			);
		};
/* End PBXProject section */

/* Begin PBXResourcesBuildPhase section */
		2B9AB8E719D6967C00A34337 /* Resources */ = {
			isa = PBXResourcesBuildPhase;
			buildActionMask = 2147483647;
			files = (
				2B58AADF19D893250005192B /* Order Records.xib in Resources */,
				2B9AB8F519D6967D00A34337 /* Document.xib in Resources */,
				2B9AB8FA19D6967D00A34337 /* Images.xcassets in Resources */,
				2B9AB8FD19D6967D00A34337 /* MainMenu.xib in Resources */,
			);
			runOnlyForDeploymentPostprocessing = 0;
		};
		2B9AB90019D6967D00A34337 /* Resources */ = {
			isa = PBXResourcesBuildPhase;
			buildActionMask = 2147483647;
			files = (
			);
			runOnlyForDeploymentPostprocessing = 0;
		};
/* End PBXResourcesBuildPhase section */

/* Begin PBXSourcesBuildPhase section */
		2B9AB8E519D6967C00A34337 /* Sources */ = {
			isa = PBXSourcesBuildPhase;
			buildActionMask = 2147483647;
			files = (
				2B9AB8F819D6967D00A34337 /* Document.xcdatamodeld in Sources */,
				2B9AB8F219D6967D00A34337 /* Document.m in Sources */,
				2B9AB8EF19D6967D00A34337 /* main.m in Sources */,
			);
			runOnlyForDeploymentPostprocessing = 0;
		};
		2B9AB8FE19D6967D00A34337 /* Sources */ = {
			isa = PBXSourcesBuildPhase;
			buildActionMask = 2147483647;
			files = (
				2B9AB90919D6967D00A34337 /* Business_Order_TrackingTests.m in Sources */,
			);
			runOnlyForDeploymentPostprocessing = 0;
		};
/* End PBXSourcesBuildPhase section */

/* Begin PBXTargetDependency section */
		2B9AB90419D6967D00A34337 /* PBXTargetDependency */ = {
			isa = PBXTargetDependency;
			target = 2B9AB8E819D6967C00A34337 /* Business Order Tracking */;
			targetProxy = 2B9AB90319D6967D00A34337 /* PBXContainerItemProxy */;
		};
/* End PBXTargetDependency section */

/* Begin PBXVariantGroup section */
		2B9AB8F319D6967D00A34337 /* Document.xib */ = {
			isa = PBXVariantGroup;
			children = (
				2B9AB8F419D6967D00A34337 /* Base */,
			);
			name = Document.xib;
			sourceTree = "<group>";
		};
		2B9AB8FB19D6967D00A34337 /* MainMenu.xib */ = {
			isa = PBXVariantGroup;
			children = (
				2B9AB8FC19D6967D00A34337 /* Base */,
			);
			name = MainMenu.xib;
			sourceTree = "<group>";
		};
/* End PBXVariantGroup section */

/* Begin XCBuildConfiguration section */
		2B9AB90A19D6967D00A34337 /* Debug */ = {
			isa = XCBuildConfiguration;
			buildSettings = {
				ALWAYS_SEARCH_USER_PATHS = NO;
				CLANG_CXX_LANGUAGE_STANDARD = "gnu++0x";
				CLANG_CXX_LIBRARY = "libc++";
				CLANG_ENABLE_MODULES = YES;
				CLANG_ENABLE_OBJC_ARC = YES;
				CLANG_WARN_BOOL_CONVERSION = YES;
				CLANG_WARN_CONSTANT_CONVERSION = YES;
				CLANG_WARN_DIRECT_OBJC_ISA_USAGE = YES_ERROR;
				CLANG_WARN_EMPTY_BODY = YES;
				CLANG_WARN_ENUM_CONVERSION = YES;
				CLANG_WARN_INT_CONVERSION = YES;
				CLANG_WARN_OBJC_ROOT_CLASS = YES_ERROR;
				CLANG_WARN_UNREACHABLE_CODE = YES;
				CLANG_WARN__DUPLICATE_METHOD_MATCH = YES;
				CODE_SIGN_IDENTITY = "-";
				COPY_PHASE_STRIP = NO;
				ENABLE_STRICT_OBJC_MSGSEND = YES;
				GCC_C_LANGUAGE_STANDARD = gnu99;
				GCC_DYNAMIC_NO_PIC = NO;
				GCC_OPTIMIZATION_LEVEL = 0;
				GCC_PREPROCESSOR_DEFINITIONS = (
					"DEBUG=1",
					"$(inherited)",
				);
				GCC_SYMBOLS_PRIVATE_EXTERN = NO;
				GCC_WARN_64_TO_32_BIT_CONVERSION = YES;
				GCC_WARN_ABOUT_RETURN_TYPE = YES_ERROR;
				GCC_WARN_UNDECLARED_SELECTOR = YES;
				GCC_WARN_UNINITIALIZED_AUTOS = YES_AGGRESSIVE;
				GCC_WARN_UNUSED_FUNCTION = YES;
				GCC_WARN_UNUSED_VARIABLE = YES;
				MACOSX_DEPLOYMENT_TARGET = 10.9;
				MTL_ENABLE_DEBUG_INFO = YES;
				ONLY_ACTIVE_ARCH = YES;
				SDKROOT = macosx;
			};
			name = Debug;
		};
		2B9AB90B19D6967D00A34337 /* Release */ = {
			isa = XCBuildConfiguration;
			buildSettings = {
				ALWAYS_SEARCH_USER_PATHS = NO;
				CLANG_CXX_LANGUAGE_STANDARD = "gnu++0x";
				CLANG_CXX_LIBRARY = "libc++";
				CLANG_ENABLE_MODULES = YES;
				CLANG_ENABLE_OBJC_ARC = YES;
				CLANG_WARN_BOOL_CONVERSION = YES;
				CLANG_WARN_CONSTANT_CONVERSION = YES;
				CLANG_WARN_DIRECT_OBJC_ISA_USAGE = YES_ERROR;
				CLANG_WARN_EMPTY_BODY = YES;
				CLANG_WARN_ENUM_CONVERSION = YES;
				CLANG_WARN_INT_CONVERSION = YES;
				CLANG_WARN_OBJC_ROOT_CLASS = YES_ERROR;
				CLANG_WARN_UNREACHABLE_CODE = YES;
				CLANG_WARN__DUPLICATE_METHOD_MATCH = YES;
				CODE_SIGN_IDENTITY = "-";
				COPY_PHASE_STRIP = YES;
				DEBUG_INFORMATION_FORMAT = "dwarf-with-dsym";
				ENABLE_NS_ASSERTIONS = NO;
				ENABLE_STRICT_OBJC_MSGSEND = YES;
				GCC_C_LANGUAGE_STANDARD = gnu99;
				GCC_WARN_64_TO_32_BIT_CONVERSION = YES;
				GCC_WARN_ABOUT_RETURN_TYPE = YES_ERROR;
				GCC_WARN_UNDECLARED_SELECTOR = YES;
				GCC_WARN_UNINITIALIZED_AUTOS = YES_AGGRESSIVE;
				GCC_WARN_UNUSED_FUNCTION = YES;
				GCC_WARN_UNUSED_VARIABLE = YES;
				MACOSX_DEPLOYMENT_TARGET = 10.9;
				MTL_ENABLE_DEBUG_INFO = NO;
				SDKROOT = macosx;
			};
			name = Release;
		};
		2B9AB90D19D6967D00A34337 /* Debug */ = {
			isa = XCBuildConfiguration;
			buildSettings = {
				ASSETCATALOG_COMPILER_APPICON_NAME = AppIcon;
				COMBINE_HIDPI_IMAGES = YES;
				INFOPLIST_FILE = "Business Order Tracking/Info.plist";
				LD_RUNPATH_SEARCH_PATHS = "$(inherited) @executable_path/../Frameworks";
				PRODUCT_NAME = "$(TARGET_NAME)";
			};
			name = Debug;
		};
		2B9AB90E19D6967D00A34337 /* Release */ = {
			isa = XCBuildConfiguration;
			buildSettings = {
				ASSETCATALOG_COMPILER_APPICON_NAME = AppIcon;
				COMBINE_HIDPI_IMAGES = YES;
				INFOPLIST_FILE = "Business Order Tracking/Info.plist";
				LD_RUNPATH_SEARCH_PATHS = "$(inherited) @executable_path/../Frameworks";
				PRODUCT_NAME = "$(TARGET_NAME)";
			};
			name = Release;
		};
		2B9AB91019D6967D00A34337 /* Debug */ = {
			isa = XCBuildConfiguration;
			buildSettings = {
				BUNDLE_LOADER = "$(TEST_HOST)";
				COMBINE_HIDPI_IMAGES = YES;
				FRAMEWORK_SEARCH_PATHS = (
					"$(DEVELOPER_FRAMEWORKS_DIR)",
					"$(inherited)",
				);
				GCC_PREPROCESSOR_DEFINITIONS = (
					"DEBUG=1",
					"$(inherited)",
				);
				INFOPLIST_FILE = "Business Order TrackingTests/Info.plist";
				LD_RUNPATH_SEARCH_PATHS = "$(inherited) @executable_path/../Frameworks @loader_path/../Frameworks";
				PRODUCT_NAME = "$(TARGET_NAME)";
				TEST_HOST = "$(BUILT_PRODUCTS_DIR)/Business Order Tracking.app/Contents/MacOS/Business Order Tracking";
			};
			name = Debug;
		};
		2B9AB91119D6967D00A34337 /* Release */ = {
			isa = XCBuildConfiguration;
			buildSettings = {
				BUNDLE_LOADER = "$(TEST_HOST)";
				COMBINE_HIDPI_IMAGES = YES;
				FRAMEWORK_SEARCH_PATHS = (
					"$(DEVELOPER_FRAMEWORKS_DIR)",
					"$(inherited)",
				);
				INFOPLIST_FILE = "Business Order TrackingTests/Info.plist";
				LD_RUNPATH_SEARCH_PATHS = "$(inherited) @executable_path/../Frameworks @loader_path/../Frameworks";
				PRODUCT_NAME = "$(TARGET_NAME)";
				TEST_HOST = "$(BUILT_PRODUCTS_DIR)/Business Order Tracking.app/Contents/MacOS/Business Order Tracking";
			};
			name = Release;
		};
/* End XCBuildConfiguration section */

/* Begin XCConfigurationList section */
		2B9AB8E419D6967C00A34337 /* Build configuration list for PBXProject "Business Order Tracking" */ = {
			isa = XCConfigurationList;
			buildConfigurations = (
				2B9AB90A19D6967D00A34337 /* Debug */,
				2B9AB90B19D6967D00A34337 /* Release */,
			);
			defaultConfigurationIsVisible = 0;
			defaultConfigurationName = Release;
		};
		2B9AB90C19D6967D00A34337 /* Build configuration list for PBXNativeTarget "Business Order Tracking" */ = {
			isa = XCConfigurationList;
			buildConfigurations = (
				2B9AB90D19D6967D00A34337 /* Debug */,
				2B9AB90E19D6967D00A34337 /* Release */,
			);
			defaultConfigurationIsVisible = 0;
			defaultConfigurationName = Release;
		};
		2B9AB90F19D6967D00A34337 /* Build configuration list for PBXNativeTarget "Business Order TrackingTests" */ = {
			isa = XCConfigurationList;
			buildConfigurations = (
				2B9AB91019D6967D00A34337 /* Debug */,
				2B9AB91119D6967D00A34337 /* Release */,
			);
			defaultConfigurationIsVisible = 0;
			defaultConfigurationName = Release;
		};
/* End XCConfigurationList section */

/* Begin XCVersionGroup section */
		2B9AB8F619D6967D00A34337 /* Document.xcdatamodeld */ = {
			isa = XCVersionGroup;
			children = (
				2B9AB8F719D6967D00A34337 /* Document.xcdatamodel */,
			);
			currentVersion = 2B9AB8F719D6967D00A34337 /* Document.xcdatamodel */;
			path = Document.xcdatamodeld;
			sourceTree = "<group>";
			versionGroupType = wrapper.xcdatamodel;
		};
/* End XCVersionGroup section */
	};
	rootObject = 2B9AB8E119D6967C00A34337 /* Project object */;
}
